{
  "name": "types-4-strapi",
  "version": "1.0.0",
  "lockfileVersion": 2,
  "requires": true,
  "packages": {
    "": {
      "name": "types-4-strapi",
      "version": "1.0.0",
      "license": "ISC",
      "dependencies": {
        "types-4-strapi": "^1.0.0"
      },
      "bin": {
        "types-4-strapi": "types-4-strapi.js"
      },
      "devDependencies": {}
    },
    "node_modules/types-4-strapi": {
      "version": "1.0.0",
      "resolved": "https://registry.npmjs.org/types-4-strapi/-/types-4-strapi-1.0.0.tgz",
      "integrity": "sha512-woicYKouqYhiZuvHtaecgmpK60MhwoprrUG9D4AbVTf4+fM8M5+YwpdNp2Kurjfe13xD/zBA1pILrQAo6dhRqQ=="
    }
  },
  "dependencies": {
    "types-4-strapi": {
      "version": "1.0.0",
      "resolved": "https://registry.npmjs.org/types-4-strapi/-/types-4-strapi-1.0.0.tgz",
      "integrity": "sha512-woicYKouqYhiZuvHtaecgmpK60MhwoprrUG9D4AbVTf4+fM8M5+YwpdNp2Kurjfe13xD/zBA1pILrQAo6dhRqQ=="
    }
  }
}
